
Microsoft Visual Studio Solution File, Format Version 12.00
# Visual Studio Version 17
VisualStudioVersion = 17.14.36109.1 d17.14
MinimumVisualStudioVersion = 10.0.40219.1
Project("{FAE04EC0-301F-11D3-BF4B-00C04F79EFBC}") = "csharp-payment", "csharp-payment\csharp-payment.csproj", "{08EE7BE2-2688-48F5-9E8B-5EE55CD31911}"
EndProject
Global
	GlobalSection(SolutionConfigurationPlatforms) = preSolution
		Debug|Any CPU = Debug|Any CPU
		Release|Any CPU = Release|Any CPU
	EndGlobalSection
	GlobalSection(ProjectConfigurationPlatforms) = postSolution
		{08EE7BE2-2688-48F5-9E8B-5EE55CD31911}.Debug|Any CPU.ActiveCfg = Debug|Any CPU
		{08EE7BE2-2688-48F5-9E8B-5EE55CD31911}.Debug|Any CPU.Build.0 = Debug|Any CPU
		{08EE7BE2-2688-48F5-9E8B-5EE55CD31911}.Release|Any CPU.ActiveCfg = Release|Any CPU
		{08EE7BE2-2688-48F5-9E8B-5EE55CD31911}.Release|Any CPU.Build.0 = Release|Any CPU
	EndGlobalSection
	GlobalSection(SolutionProperties) = preSolution
		HideSolutionNode = FALSE
	EndGlobalSection
	GlobalSection(ExtensibilityGlobals) = postSolution
		SolutionGuid = {F4AF6571-FBA9-437A-BEE8-807AD7FDAAE2}
	EndGlobalSection
EndGlobal
